
Microsoft Visual Studio Solution File, Format Version 12.00
# Visual Studio Version 17
VisualStudioVersion = 17.10.35013.160
MinimumVisualStudioVersion = 10.0.40219.1
Project("{FAE04EC0-301F-11D3-BF4B-00C04F79EFBC}") = "API-CacheAbstract", "API-CacheAbstract.csproj", "{14AC2687-358C-45CB-818C-7C288B6D5BB4}"
EndProject
Global
	GlobalSection(SolutionConfigurationPlatforms) = preSolution
		Debug|Any CPU = Debug|Any CPU
		Release|Any CPU = Release|Any CPU
	EndGlobalSection
	GlobalSection(ProjectConfigurationPlatforms) = postSolution
		{14AC2687-358C-45CB-818C-7C288B6D5BB4}.Debug|Any CPU.ActiveCfg = Debug|Any CPU
		{14AC2687-358C-45CB-818C-7C288B6D5BB4}.Debug|Any CPU.Build.0 = Debug|Any CPU
		{14AC2687-358C-45CB-818C-7C288B6D5BB4}.Release|Any CPU.ActiveCfg = Release|Any CPU
		{14AC2687-358C-45CB-818C-7C288B6D5BB4}.Release|Any CPU.Build.0 = Release|Any CPU
	EndGlobalSection
	GlobalSection(SolutionProperties) = preSolution
		HideSolutionNode = FALSE
	EndGlobalSection
	GlobalSection(ExtensibilityGlobals) = postSolution
		SolutionGuid = {B203AA21-EE19-4614-B36D-1D92DE4F5428}
	EndGlobalSection
EndGlobal
