
Microsoft Visual Studio Solution File, Format Version 12.00
# Visual Studio Version 17
VisualStudioVersion = 17.10.35013.160
MinimumVisualStudioVersion = 10.0.40219.1
Project("{FAE04EC0-301F-11D3-BF4B-00C04F79EFBC}") = "API-ErrorHandler", "API-ErrorHandler.csproj", "{D3ED86EE-2E69-4203-BAFA-16F1729C1358}"
EndProject
Global
	GlobalSection(SolutionConfigurationPlatforms) = preSolution
		Debug|Any CPU = Debug|Any CPU
		Release|Any CPU = Release|Any CPU
	EndGlobalSection
	GlobalSection(ProjectConfigurationPlatforms) = postSolution
		{D3ED86EE-2E69-4203-BAFA-16F1729C1358}.Debug|Any CPU.ActiveCfg = Debug|Any CPU
		{D3ED86EE-2E69-4203-BAFA-16F1729C1358}.Debug|Any CPU.Build.0 = Debug|Any CPU
		{D3ED86EE-2E69-4203-BAFA-16F1729C1358}.Release|Any CPU.ActiveCfg = Release|Any CPU
		{D3ED86EE-2E69-4203-BAFA-16F1729C1358}.Release|Any CPU.Build.0 = Release|Any CPU
	EndGlobalSection
	GlobalSection(SolutionProperties) = preSolution
		HideSolutionNode = FALSE
	EndGlobalSection
	GlobalSection(ExtensibilityGlobals) = postSolution
		SolutionGuid = {E0174C03-7AD4-49FC-85A5-02FEE760C04E}
	EndGlobalSection
EndGlobal
