
Microsoft Visual Studio Solution File, Format Version 12.00
# Visual Studio Version 17
VisualStudioVersion = 17.10.35013.160
MinimumVisualStudioVersion = 10.0.40219.1
Project("{FAE04EC0-301F-11D3-BF4B-00C04F79EFBC}") = "API-RabbitMqPublisher", "API-RabbitMqPublisher.csproj", "{2D10E65C-C00B-45D5-A1F7-849B025F36CB}"
EndProject
Global
	GlobalSection(SolutionConfigurationPlatforms) = preSolution
		Debug|Any CPU = Debug|Any CPU
		Release|Any CPU = Release|Any CPU
	EndGlobalSection
	GlobalSection(ProjectConfigurationPlatforms) = postSolution
		{2D10E65C-C00B-45D5-A1F7-849B025F36CB}.Debug|Any CPU.ActiveCfg = Debug|Any CPU
		{2D10E65C-C00B-45D5-A1F7-849B025F36CB}.Debug|Any CPU.Build.0 = Debug|Any CPU
		{2D10E65C-C00B-45D5-A1F7-849B025F36CB}.Release|Any CPU.ActiveCfg = Release|Any CPU
		{2D10E65C-C00B-45D5-A1F7-849B025F36CB}.Release|Any CPU.Build.0 = Release|Any CPU
	EndGlobalSection
	GlobalSection(SolutionProperties) = preSolution
		HideSolutionNode = FALSE
	EndGlobalSection
	GlobalSection(ExtensibilityGlobals) = postSolution
		SolutionGuid = {88BF121A-6EF8-4BCF-BB3C-FC21AC2BAAD7}
	EndGlobalSection
EndGlobal
