
Microsoft Visual Studio Solution File, Format Version 12.00
# Visual Studio Version 17
VisualStudioVersion = 17.10.35013.160
MinimumVisualStudioVersion = 10.0.40219.1
Project("{FAE04EC0-301F-11D3-BF4B-00C04F79EFBC}") = "API-RedisCache", "API-RedisCache.csproj", "{F9B576A3-DC44-485E-8B3E-C42CFFFA178C}"
EndProject
Global
	GlobalSection(SolutionConfigurationPlatforms) = preSolution
		Debug|Any CPU = Debug|Any CPU
		Release|Any CPU = Release|Any CPU
	EndGlobalSection
	GlobalSection(ProjectConfigurationPlatforms) = postSolution
		{F9B576A3-DC44-485E-8B3E-C42CFFFA178C}.Debug|Any CPU.ActiveCfg = Debug|Any CPU
		{F9B576A3-DC44-485E-8B3E-C42CFFFA178C}.Debug|Any CPU.Build.0 = Debug|Any CPU
		{F9B576A3-DC44-485E-8B3E-C42CFFFA178C}.Release|Any CPU.ActiveCfg = Release|Any CPU
		{F9B576A3-DC44-485E-8B3E-C42CFFFA178C}.Release|Any CPU.Build.0 = Release|Any CPU
	EndGlobalSection
	GlobalSection(SolutionProperties) = preSolution
		HideSolutionNode = FALSE
	EndGlobalSection
	GlobalSection(ExtensibilityGlobals) = postSolution
		SolutionGuid = {7B8C717B-4633-451D-8644-DE177D4CFBD5}
	EndGlobalSection
EndGlobal
