
Microsoft Visual Studio Solution File, Format Version 12.00
# Visual Studio Version 17
VisualStudioVersion = 17.10.35013.160
MinimumVisualStudioVersion = 10.0.40219.1
Project("{FAE04EC0-301F-11D3-BF4B-00C04F79EFBC}") = "API-Nlog", "API-Nlog.csproj", "{7497CA39-9B59-4E38-A092-B154A3CA36FD}"
EndProject
Global
	GlobalSection(SolutionConfigurationPlatforms) = preSolution
		Debug|Any CPU = Debug|Any CPU
		Release|Any CPU = Release|Any CPU
	EndGlobalSection
	GlobalSection(ProjectConfigurationPlatforms) = postSolution
		{7497CA39-9B59-4E38-A092-B154A3CA36FD}.Debug|Any CPU.ActiveCfg = Debug|Any CPU
		{7497CA39-9B59-4E38-A092-B154A3CA36FD}.Debug|Any CPU.Build.0 = Debug|Any CPU
		{7497CA39-9B59-4E38-A092-B154A3CA36FD}.Release|Any CPU.ActiveCfg = Release|Any CPU
		{7497CA39-9B59-4E38-A092-B154A3CA36FD}.Release|Any CPU.Build.0 = Release|Any CPU
	EndGlobalSection
	GlobalSection(SolutionProperties) = preSolution
		HideSolutionNode = FALSE
	EndGlobalSection
	GlobalSection(ExtensibilityGlobals) = postSolution
		SolutionGuid = {5E31D488-745E-4A67-9A7A-E5D1F98076B7}
	EndGlobalSection
EndGlobal
