
Microsoft Visual Studio Solution File, Format Version 12.00
# Visual Studio Version 17
VisualStudioVersion = 17.10.35013.160
MinimumVisualStudioVersion = 10.0.40219.1
Project("{FAE04EC0-301F-11D3-BF4B-00C04F79EFBC}") = "API-SecondJaeger", "API-SecondJaeger\API-SecondJaeger.csproj", "{EE39559A-DC34-4EA1-B868-D35214C035D8}"
EndProject
Project("{FAE04EC0-301F-11D3-BF4B-00C04F79EFBC}") = "API-FirstJaeger", "API-FirstJaeger\API-FirstJaeger.csproj", "{6DF9A3DE-6BE3-4FCE-95CE-BC731557F0ED}"
EndProject
Global
	GlobalSection(SolutionConfigurationPlatforms) = preSolution
		Debug|Any CPU = Debug|Any CPU
		Release|Any CPU = Release|Any CPU
	EndGlobalSection
	GlobalSection(ProjectConfigurationPlatforms) = postSolution
		{EE39559A-DC34-4EA1-B868-D35214C035D8}.Debug|Any CPU.ActiveCfg = Debug|Any CPU
		{EE39559A-DC34-4EA1-B868-D35214C035D8}.Debug|Any CPU.Build.0 = Debug|Any CPU
		{EE39559A-DC34-4EA1-B868-D35214C035D8}.Release|Any CPU.ActiveCfg = Release|Any CPU
		{EE39559A-DC34-4EA1-B868-D35214C035D8}.Release|Any CPU.Build.0 = Release|Any CPU
		{6DF9A3DE-6BE3-4FCE-95CE-BC731557F0ED}.Debug|Any CPU.ActiveCfg = Debug|Any CPU
		{6DF9A3DE-6BE3-4FCE-95CE-BC731557F0ED}.Debug|Any CPU.Build.0 = Debug|Any CPU
		{6DF9A3DE-6BE3-4FCE-95CE-BC731557F0ED}.Release|Any CPU.ActiveCfg = Release|Any CPU
		{6DF9A3DE-6BE3-4FCE-95CE-BC731557F0ED}.Release|Any CPU.Build.0 = Release|Any CPU
	EndGlobalSection
	GlobalSection(SolutionProperties) = preSolution
		HideSolutionNode = FALSE
	EndGlobalSection
	GlobalSection(ExtensibilityGlobals) = postSolution
		SolutionGuid = {0EE6AEA4-19AC-414D-B29C-1F8D0EBFFF1C}
	EndGlobalSection
EndGlobal
